// !$*UTF8*$!
{
	archiveVersion = 1;
	classes = {
	};
	objectVersion = 46;
	objects = {

/* Begin PBXBuildFile section */
		548DC56A1A37563900D3C9FC /* main.m in Sources */ = {isa = PBXBuildFile; fileRef = 548DC5691A37563900D3C9FC /* main.m */; };
		548DC56D1A37563900D3C9FC /* AppDelegate.m in Sources */ = {isa = PBXBuildFile; fileRef = 548DC56C1A37563900D3C9FC /* AppDelegate.m */; };
		548DC5701A37563900D3C9FC /* ViewController.m in Sources */ = {isa = PBXBuildFile; fileRef = 548DC56F1A37563900D3C9FC /* ViewController.m */; };
		548DC5731A37563900D3C9FC /* Main.storyboard in Resources */ = {isa = PBXBuildFile; fileRef = 548DC5711A37563900D3C9FC /* Main.storyboard */; };
		548DC5751A37563900D3C9FC /* Images.xcassets in Resources */ = {isa = PBXBuildFile; fileRef = 548DC5741A37563900D3C9FC /* Images.xcassets */; };
		548DC5781A37563900D3C9FC /* LaunchScreen.xib in Resources */ = {isa = PBXBuildFile; fileRef = 548DC5761A37563900D3C9FC /* LaunchScreen.xib */; };
		548DC5841A37563900D3C9FC /* ANLoggerTests.m in Sources */ = {isa = PBXBuildFile; fileRef = 548DC5831A37563900D3C9FC /* ANLoggerTests.m */; };
		548DC59B1A3756DF00D3C9FC /* ANFileLogger.m in Sources */ = {isa = PBXBuildFile; fileRef = 548DC5981A3756DF00D3C9FC /* ANFileLogger.m */; };
		548DC59C1A3756DF00D3C9FC /* ANLogger.m in Sources */ = {isa = PBXBuildFile; fileRef = 548DC59A1A3756DF00D3C9FC /* ANLogger.m */; };
/* End PBXBuildFile section */

/* Begin PBXContainerItemProxy section */
		548DC57E1A37563900D3C9FC /* PBXContainerItemProxy */ = {
			isa = PBXContainerItemProxy;
			containerPortal = 548DC55C1A37563800D3C9FC /* Project object */;
			proxyType = 1;
			remoteGlobalIDString = 548DC5631A37563900D3C9FC;
			remoteInfo = ANLogger;
		};
/* End PBXContainerItemProxy section */

/* Begin PBXFileReference section */
		548DC5641A37563900D3C9FC /* ANLogger.app */ = {isa = PBXFileReference; explicitFileType = wrapper.application; includeInIndex = 0; path = ANLogger.app; sourceTree = BUILT_PRODUCTS_DIR; };
		548DC5681A37563900D3C9FC /* Info.plist */ = {isa = PBXFileReference; lastKnownFileType = text.plist.xml; path = Info.plist; sourceTree = "<group>"; };
		548DC5691A37563900D3C9FC /* main.m */ = {isa = PBXFileReference; lastKnownFileType = sourcecode.c.objc; path = main.m; sourceTree = "<group>"; };
		548DC56B1A37563900D3C9FC /* AppDelegate.h */ = {isa = PBXFileReference; lastKnownFileType = sourcecode.c.h; path = AppDelegate.h; sourceTree = "<group>"; };
		548DC56C1A37563900D3C9FC /* AppDelegate.m */ = {isa = PBXFileReference; lastKnownFileType = sourcecode.c.objc; path = AppDelegate.m; sourceTree = "<group>"; };
		548DC56E1A37563900D3C9FC /* ViewController.h */ = {isa = PBXFileReference; lastKnownFileType = sourcecode.c.h; path = ViewController.h; sourceTree = "<group>"; };
		548DC56F1A37563900D3C9FC /* ViewController.m */ = {isa = PBXFileReference; lastKnownFileType = sourcecode.c.objc; path = ViewController.m; sourceTree = "<group>"; };
		548DC5721A37563900D3C9FC /* Base */ = {isa = PBXFileReference; lastKnownFileType = file.storyboard; name = Base; path = Base.lproj/Main.storyboard; sourceTree = "<group>"; };
		548DC5741A37563900D3C9FC /* Images.xcassets */ = {isa = PBXFileReference; lastKnownFileType = folder.assetcatalog; path = Images.xcassets; sourceTree = "<group>"; };
		548DC5771A37563900D3C9FC /* Base */ = {isa = PBXFileReference; lastKnownFileType = file.xib; name = Base; path = Base.lproj/LaunchScreen.xib; sourceTree = "<group>"; };
		548DC57D1A37563900D3C9FC /* ANLoggerTests.xctest */ = {isa = PBXFileReference; explicitFileType = wrapper.cfbundle; includeInIndex = 0; path = ANLoggerTests.xctest; sourceTree = BUILT_PRODUCTS_DIR; };
		548DC5821A37563900D3C9FC /* Info.plist */ = {isa = PBXFileReference; lastKnownFileType = text.plist.xml; path = Info.plist; sourceTree = "<group>"; };
		548DC5831A37563900D3C9FC /* ANLoggerTests.m */ = {isa = PBXFileReference; lastKnownFileType = sourcecode.c.objc; path = ANLoggerTests.m; sourceTree = "<group>"; };
		548DC5971A3756DF00D3C9FC /* ANFileLogger.h */ = {isa = PBXFileReference; fileEncoding = 4; lastKnownFileType = sourcecode.c.h; path = ANFileLogger.h; sourceTree = "<group>"; };
		548DC5981A3756DF00D3C9FC /* ANFileLogger.m */ = {isa = PBXFileReference; fileEncoding = 4; lastKnownFileType = sourcecode.c.objc; path = ANFileLogger.m; sourceTree = "<group>"; };
		548DC5991A3756DF00D3C9FC /* ANLogger.h */ = {isa = PBXFileReference; fileEncoding = 4; lastKnownFileType = sourcecode.c.h; path = ANLogger.h; sourceTree = "<group>"; };
		548DC59A1A3756DF00D3C9FC /* ANLogger.m */ = {isa = PBXFileReference; fileEncoding = 4; lastKnownFileType = sourcecode.c.objc; path = ANLogger.m; sourceTree = "<group>"; };
/* End PBXFileReference section */

/* Begin PBXFrameworksBuildPhase section */
		548DC5611A37563900D3C9FC /* Frameworks */ = {
			isa = PBXFrameworksBuildPhase;
			buildActionMask = 2147483647;
			files = (
			);
			runOnlyForDeploymentPostprocessing = 0;
		};
		548DC57A1A37563900D3C9FC /* Frameworks */ = {
			isa = PBXFrameworksBuildPhase;
			buildActionMask = 2147483647;
			files = (
			);
			runOnlyForDeploymentPostprocessing = 0;
		};
/* End PBXFrameworksBuildPhase section */

/* Begin PBXGroup section */
		548DC55B1A37563800D3C9FC = {
			isa = PBXGroup;
			children = (
				548DC5661A37563900D3C9FC /* ANLogger */,
				548DC5801A37563900D3C9FC /* ANLoggerTests */,
				548DC5651A37563900D3C9FC /* Products */,
			);
			sourceTree = "<group>";
		};
		548DC5651A37563900D3C9FC /* Products */ = {
			isa = PBXGroup;
			children = (
				548DC5641A37563900D3C9FC /* ANLogger.app */,
				548DC57D1A37563900D3C9FC /* ANLoggerTests.xctest */,
			);
			name = Products;
			sourceTree = "<group>";
		};
		548DC5661A37563900D3C9FC /* ANLogger */ = {
			isa = PBXGroup;
			children = (
				548DC5961A3756DF00D3C9FC /* ANLogger */,
				548DC56B1A37563900D3C9FC /* AppDelegate.h */,
				548DC56C1A37563900D3C9FC /* AppDelegate.m */,
				548DC56E1A37563900D3C9FC /* ViewController.h */,
				548DC56F1A37563900D3C9FC /* ViewController.m */,
				548DC5711A37563900D3C9FC /* Main.storyboard */,
				548DC5741A37563900D3C9FC /* Images.xcassets */,
				548DC5761A37563900D3C9FC /* LaunchScreen.xib */,
				548DC5671A37563900D3C9FC /* Supporting Files */,
			);
			path = ANLogger;
			sourceTree = "<group>";
		};
		548DC5671A37563900D3C9FC /* Supporting Files */ = {
			isa = PBXGroup;
			children = (
				548DC5681A37563900D3C9FC /* Info.plist */,
				548DC5691A37563900D3C9FC /* main.m */,
			);
			name = "Supporting Files";
			sourceTree = "<group>";
		};
		548DC5801A37563900D3C9FC /* ANLoggerTests */ = {
			isa = PBXGroup;
			children = (
				548DC5831A37563900D3C9FC /* ANLoggerTests.m */,
				548DC5811A37563900D3C9FC /* Supporting Files */,
			);
			path = ANLoggerTests;
			sourceTree = "<group>";
		};
		548DC5811A37563900D3C9FC /* Supporting Files */ = {
			isa = PBXGroup;
			children = (
				548DC5821A37563900D3C9FC /* Info.plist */,
			);
			name = "Supporting Files";
			sourceTree = "<group>";
		};
		548DC5961A3756DF00D3C9FC /* ANLogger */ = {
			isa = PBXGroup;
			children = (
				548DC5991A3756DF00D3C9FC /* ANLogger.h */,
				548DC59A1A3756DF00D3C9FC /* ANLogger.m */,
				548DC5971A3756DF00D3C9FC /* ANFileLogger.h */,
				548DC5981A3756DF00D3C9FC /* ANFileLogger.m */,
			);
			path = ANLogger;
			sourceTree = "<group>";
		};
/* End PBXGroup section */

/* Begin PBXNativeTarget section */
		548DC5631A37563900D3C9FC /* ANLogger */ = {
			isa = PBXNativeTarget;
			buildConfigurationList = 548DC5871A37563900D3C9FC /* Build configuration list for PBXNativeTarget "ANLogger" */;
			buildPhases = (
				548DC5601A37563900D3C9FC /* Sources */,
				548DC5611A37563900D3C9FC /* Frameworks */,
				548DC5621A37563900D3C9FC /* Resources */,
			);
			buildRules = (
			);
			dependencies = (
			);
			name = ANLogger;
			productName = ANLogger;
			productReference = 548DC5641A37563900D3C9FC /* ANLogger.app */;
			productType = "com.apple.product-type.application";
		};
		548DC57C1A37563900D3C9FC /* ANLoggerTests */ = {
			isa = PBXNativeTarget;
			buildConfigurationList = 548DC58A1A37563900D3C9FC /* Build configuration list for PBXNativeTarget "ANLoggerTests" */;
			buildPhases = (
				548DC5791A37563900D3C9FC /* Sources */,
				548DC57A1A37563900D3C9FC /* Frameworks */,
				548DC57B1A37563900D3C9FC /* Resources */,
			);
			buildRules = (
			);
			dependencies = (
				548DC57F1A37563900D3C9FC /* PBXTargetDependency */,
			);
			name = ANLoggerTests;
			productName = ANLoggerTests;
			productReference = 548DC57D1A37563900D3C9FC /* ANLoggerTests.xctest */;
			productType = "com.apple.product-type.bundle.unit-test";
		};
/* End PBXNativeTarget section */

/* Begin PBXProject section */
		548DC55C1A37563800D3C9FC /* Project object */ = {
			isa = PBXProject;
			attributes = {
				LastUpgradeCheck = 0610;
				ORGANIZATIONNAME = SpringOx;
				TargetAttributes = {
					548DC5631A37563900D3C9FC = {
						CreatedOnToolsVersion = 6.1;
					};
					548DC57C1A37563900D3C9FC = {
						CreatedOnToolsVersion = 6.1;
						TestTargetID = 548DC5631A37563900D3C9FC;
					};
				};
			};
			buildConfigurationList = 548DC55F1A37563800D3C9FC /* Build configuration list for PBXProject "ANLogger" */;
			compatibilityVersion = "Xcode 3.2";
			developmentRegion = English;
			hasScannedForEncodings = 0;
			knownRegions = (
				en,
				Base,
			);
			mainGroup = 548DC55B1A37563800D3C9FC;
			productRefGroup = 548DC5651A37563900D3C9FC /* Products */;
			projectDirPath = "";
			projectRoot = "";
			targets = (
				548DC5631A37563900D3C9FC /* ANLogger */,
				548DC57C1A37563900D3C9FC /* ANLoggerTests */,
			);
		};
/* End PBXProject section */

/* Begin PBXResourcesBuildPhase section */
		548DC5621A37563900D3C9FC /* Resources */ = {
			isa = PBXResourcesBuildPhase;
			buildActionMask = 2147483647;
			files = (
				548DC5731A37563900D3C9FC /* Main.storyboard in Resources */,
				548DC5781A37563900D3C9FC /* LaunchScreen.xib in Resources */,
				548DC5751A37563900D3C9FC /* Images.xcassets in Resources */,
			);
			runOnlyForDeploymentPostprocessing = 0;
		};
		548DC57B1A37563900D3C9FC /* Resources */ = {
			isa = PBXResourcesBuildPhase;
			buildActionMask = 2147483647;
			files = (
			);
			runOnlyForDeploymentPostprocessing = 0;
		};
/* End PBXResourcesBuildPhase section */

/* Begin PBXSourcesBuildPhase section */
		548DC5601A37563900D3C9FC /* Sources */ = {
			isa = PBXSourcesBuildPhase;
			buildActionMask = 2147483647;
			files = (
				548DC59B1A3756DF00D3C9FC /* ANFileLogger.m in Sources */,
				548DC59C1A3756DF00D3C9FC /* ANLogger.m in Sources */,
				548DC5701A37563900D3C9FC /* ViewController.m in Sources */,
				548DC56D1A37563900D3C9FC /* AppDelegate.m in Sources */,
				548DC56A1A37563900D3C9FC /* main.m in Sources */,
			);
			runOnlyForDeploymentPostprocessing = 0;
		};
		548DC5791A37563900D3C9FC /* Sources */ = {
			isa = PBXSourcesBuildPhase;
			buildActionMask = 2147483647;
			files = (
				548DC5841A37563900D3C9FC /* ANLoggerTests.m in Sources */,
			);
			runOnlyForDeploymentPostprocessing = 0;
		};
/* End PBXSourcesBuildPhase section */

/* Begin PBXTargetDependency section */
		548DC57F1A37563900D3C9FC /* PBXTargetDependency */ = {
			isa = PBXTargetDependency;
			target = 548DC5631A37563900D3C9FC /* ANLogger */;
			targetProxy = 548DC57E1A37563900D3C9FC /* PBXContainerItemProxy */;
		};
/* End PBXTargetDependency section */

/* Begin PBXVariantGroup section */
		548DC5711A37563900D3C9FC /* Main.storyboard */ = {
			isa = PBXVariantGroup;
			children = (
				548DC5721A37563900D3C9FC /* Base */,
			);
			name = Main.storyboard;
			sourceTree = "<group>";
		};
		548DC5761A37563900D3C9FC /* LaunchScreen.xib */ = {
			isa = PBXVariantGroup;
			children = (
				548DC5771A37563900D3C9FC /* Base */,
			);
			name = LaunchScreen.xib;
			sourceTree = "<group>";
		};
/* End PBXVariantGroup section */

/* Begin XCBuildConfiguration section */
		548DC5851A37563900D3C9FC /* Debug */ = {
			isa = XCBuildConfiguration;
			buildSettings = {
				ALWAYS_SEARCH_USER_PATHS = NO;
				CLANG_CXX_LANGUAGE_STANDARD = "gnu++0x";
				CLANG_CXX_LIBRARY = "libc++";
				CLANG_ENABLE_MODULES = YES;
				CLANG_ENABLE_OBJC_ARC = YES;
				CLANG_WARN_BOOL_CONVERSION = YES;
				CLANG_WARN_CONSTANT_CONVERSION = YES;
				CLANG_WARN_DIRECT_OBJC_ISA_USAGE = YES_ERROR;
				CLANG_WARN_EMPTY_BODY = YES;
				CLANG_WARN_ENUM_CONVERSION = YES;
				CLANG_WARN_INT_CONVERSION = YES;
				CLANG_WARN_OBJC_ROOT_CLASS = YES_ERROR;
				CLANG_WARN_UNREACHABLE_CODE = YES;
				CLANG_WARN__DUPLICATE_METHOD_MATCH = YES;
				"CODE_SIGN_IDENTITY[sdk=iphoneos*]" = "iPhone Developer";
				COPY_PHASE_STRIP = NO;
				ENABLE_STRICT_OBJC_MSGSEND = YES;
				GCC_C_LANGUAGE_STANDARD = gnu99;
				GCC_DYNAMIC_NO_PIC = NO;
				GCC_OPTIMIZATION_LEVEL = 0;
				GCC_PREPROCESSOR_DEFINITIONS = (
					"DEBUG=1",
					"$(inherited)",
				);
				GCC_SYMBOLS_PRIVATE_EXTERN = NO;
				GCC_WARN_64_TO_32_BIT_CONVERSION = YES;
				GCC_WARN_ABOUT_RETURN_TYPE = YES_ERROR;
				GCC_WARN_UNDECLARED_SELECTOR = YES;
				GCC_WARN_UNINITIALIZED_AUTOS = YES_AGGRESSIVE;
				GCC_WARN_UNUSED_FUNCTION = YES;
				GCC_WARN_UNUSED_VARIABLE = YES;
				IPHONEOS_DEPLOYMENT_TARGET = 8.1;
				MTL_ENABLE_DEBUG_INFO = YES;
				ONLY_ACTIVE_ARCH = YES;
				SDKROOT = iphoneos;
				TARGETED_DEVICE_FAMILY = "1,2";
			};
			name = Debug;
		};
		548DC5861A37563900D3C9FC /* Release */ = {
			isa = XCBuildConfiguration;
			buildSettings = {
				ALWAYS_SEARCH_USER_PATHS = NO;
				CLANG_CXX_LANGUAGE_STANDARD = "gnu++0x";
				CLANG_CXX_LIBRARY = "libc++";
				CLANG_ENABLE_MODULES = YES;
				CLANG_ENABLE_OBJC_ARC = YES;
				CLANG_WARN_BOOL_CONVERSION = YES;
				CLANG_WARN_CONSTANT_CONVERSION = YES;
				CLANG_WARN_DIRECT_OBJC_ISA_USAGE = YES_ERROR;
				CLANG_WARN_EMPTY_BODY = YES;
				CLANG_WARN_ENUM_CONVERSION = YES;
				CLANG_WARN_INT_CONVERSION = YES;
				CLANG_WARN_OBJC_ROOT_CLASS = YES_ERROR;
				CLANG_WARN_UNREACHABLE_CODE = YES;
				CLANG_WARN__DUPLICATE_METHOD_MATCH = YES;
				"CODE_SIGN_IDENTITY[sdk=iphoneos*]" = "iPhone Developer";
				COPY_PHASE_STRIP = YES;
				ENABLE_NS_ASSERTIONS = NO;
				ENABLE_STRICT_OBJC_MSGSEND = YES;
				GCC_C_LANGUAGE_STANDARD = gnu99;
				GCC_WARN_64_TO_32_BIT_CONVERSION = YES;
				GCC_WARN_ABOUT_RETURN_TYPE = YES_ERROR;
				GCC_WARN_UNDECLARED_SELECTOR = YES;
				GCC_WARN_UNINITIALIZED_AUTOS = YES_AGGRESSIVE;
				GCC_WARN_UNUSED_FUNCTION = YES;
				GCC_WARN_UNUSED_VARIABLE = YES;
				IPHONEOS_DEPLOYMENT_TARGET = 8.1;
				MTL_ENABLE_DEBUG_INFO = NO;
				SDKROOT = iphoneos;
				TARGETED_DEVICE_FAMILY = "1,2";
				VALIDATE_PRODUCT = YES;
			};
			name = Release;
		};
		548DC5881A37563900D3C9FC /* Debug */ = {
			isa = XCBuildConfiguration;
			buildSettings = {
				ASSETCATALOG_COMPILER_APPICON_NAME = AppIcon;
				INFOPLIST_FILE = ANLogger/Info.plist;
				LD_RUNPATH_SEARCH_PATHS = "$(inherited) @executable_path/Frameworks";
				PRODUCT_NAME = "$(TARGET_NAME)";
			};
			name = Debug;
		};
		548DC5891A37563900D3C9FC /* Release */ = {
			isa = XCBuildConfiguration;
			buildSettings = {
				ASSETCATALOG_COMPILER_APPICON_NAME = AppIcon;
				INFOPLIST_FILE = ANLogger/Info.plist;
				LD_RUNPATH_SEARCH_PATHS = "$(inherited) @executable_path/Frameworks";
				PRODUCT_NAME = "$(TARGET_NAME)";
			};
			name = Release;
		};
		548DC58B1A37563900D3C9FC /* Debug */ = {
			isa = XCBuildConfiguration;
			buildSettings = {
				BUNDLE_LOADER = "$(TEST_HOST)";
				FRAMEWORK_SEARCH_PATHS = (
					"$(SDKROOT)/Developer/Library/Frameworks",
					"$(inherited)",
				);
				GCC_PREPROCESSOR_DEFINITIONS = (
					"DEBUG=1",
					"$(inherited)",
				);
				INFOPLIST_FILE = ANLoggerTests/Info.plist;
				LD_RUNPATH_SEARCH_PATHS = "$(inherited) @executable_path/Frameworks @loader_path/Frameworks";
				PRODUCT_NAME = "$(TARGET_NAME)";
				TEST_HOST = "$(BUILT_PRODUCTS_DIR)/ANLogger.app/ANLogger";
			};
			name = Debug;
		};
		548DC58C1A37563900D3C9FC /* Release */ = {
			isa = XCBuildConfiguration;
			buildSettings = {
				BUNDLE_LOADER = "$(TEST_HOST)";
				FRAMEWORK_SEARCH_PATHS = (
					"$(SDKROOT)/Developer/Library/Frameworks",
					"$(inherited)",
				);
				INFOPLIST_FILE = ANLoggerTests/Info.plist;
				LD_RUNPATH_SEARCH_PATHS = "$(inherited) @executable_path/Frameworks @loader_path/Frameworks";
				PRODUCT_NAME = "$(TARGET_NAME)";
				TEST_HOST = "$(BUILT_PRODUCTS_DIR)/ANLogger.app/ANLogger";
			};
			name = Release;
		};
/* End XCBuildConfiguration section */

/* Begin XCConfigurationList section */
		548DC55F1A37563800D3C9FC /* Build configuration list for PBXProject "ANLogger" */ = {
			isa = XCConfigurationList;
			buildConfigurations = (
				548DC5851A37563900D3C9FC /* Debug */,
				548DC5861A37563900D3C9FC /* Release */,
			);
			defaultConfigurationIsVisible = 0;
			defaultConfigurationName = Release;
		};
		548DC5871A37563900D3C9FC /* Build configuration list for PBXNativeTarget "ANLogger" */ = {
			isa = XCConfigurationList;
			buildConfigurations = (
				548DC5881A37563900D3C9FC /* Debug */,
				548DC5891A37563900D3C9FC /* Release */,
			);
			defaultConfigurationIsVisible = 0;
			defaultConfigurationName = Release;
		};
		548DC58A1A37563900D3C9FC /* Build configuration list for PBXNativeTarget "ANLoggerTests" */ = {
			isa = XCConfigurationList;
			buildConfigurations = (
				548DC58B1A37563900D3C9FC /* Debug */,
				548DC58C1A37563900D3C9FC /* Release */,
			);
			defaultConfigurationIsVisible = 0;
			defaultConfigurationName = Release;
		};
/* End XCConfigurationList section */
	};
	rootObject = 548DC55C1A37563800D3C9FC /* Project object */;
}
